
Microsoft Visual Studio Solution File, Format Version 12.00
# Visual Studio 14
VisualStudioVersion = 14.0.23107.0
MinimumVisualStudioVersion = 10.0.40219.1
Project("{2150E333-8FDC-42A3-9474-1A3956D46DE8}") = "Common", "Common", "{D7061262-BFE2-4747-AFA8-94022986F024}"
EndProject
Project("{2150E333-8FDC-42A3-9474-1A3956D46DE8}") = "AcnClub", "AcnClub", "{45694A9F-40E6-4D5C-BA44-D0081A8884E7}"
EndProject
Project("{2150E333-8FDC-42A3-9474-1A3956D46DE8}") = "AcnCasino", "AcnCasino", "{7913F715-C2C7-496A-86CE-6A11B2AC3E7D}"
EndProject
Project("{2150E333-8FDC-42A3-9474-1A3956D46DE8}") = "iArsenal", "iArsenal", "{4EAE12C9-616A-41FE-93CC-6412617289F7}"
EndProject
Project("{2150E333-8FDC-42A3-9474-1A3956D46DE8}") = "Arsenal", "Arsenal", "{EE6F6FBA-A4CE-4D74-9734-CC6D1FFEB58D}"
EndProject
Project("{2150E333-8FDC-42A3-9474-1A3956D46DE8}") = "Solution Items", "Solution Items", "{A7778B83-AB25-42E8-B643-CBE5698BE929}"
	ProjectSection(SolutionItems) = preProject
		WebEssentials2015-Settings.json = WebEssentials2015-Settings.json
	EndProjectSection
EndProject
Project("{2150E333-8FDC-42A3-9474-1A3956D46DE8}") = "Test", "Test", "{241E66C7-AD38-4990-860E-CF6F7D613A64}"
EndProject
Project("{FAE04EC0-301F-11D3-BF4B-00C04F79EFBC}") = "Arsenalcn.Common", "Arsenalcn.Common\Arsenalcn.Common.csproj", "{8258A2E1-6821-4BAE-9111-3FBB65703FE0}"
EndProject
Project("{FAE04EC0-301F-11D3-BF4B-00C04F79EFBC}") = "Arsenalcn.CasinoSys.DataAccess", "Arsenalcn.CasinoSys.DataAccess\Arsenalcn.CasinoSys.DataAccess.csproj", "{F7122A3E-CCFB-496D-89D1-09D54AF11135}"
EndProject
Project("{FAE04EC0-301F-11D3-BF4B-00C04F79EFBC}") = "Arsenalcn.CasinoSys.Entity", "Arsenalcn.CasinoSys.Entity\Arsenalcn.CasinoSys.Entity.csproj", "{CD9A6BD8-88B6-45F4-B41D-7DC11E173B78}"
EndProject
Project("{FAE04EC0-301F-11D3-BF4B-00C04F79EFBC}") = "Arsenalcn.CasinoSys.Web", "Arsenalcn.CasinoSys.Web\Arsenalcn.CasinoSys.Web.csproj", "{06DDCDDF-F83F-4153-8F74-947EECF2C40B}"
EndProject
Project("{FAE04EC0-301F-11D3-BF4B-00C04F79EFBC}") = "Arsenalcn.Core", "Arsenalcn.Core\Arsenalcn.Core.csproj", "{C46F6AF6-EBE1-4BAC-BC17-0989FA6C9B8E}"
EndProject
Project("{FAE04EC0-301F-11D3-BF4B-00C04F79EFBC}") = "Arsenalcn.ClubSys.Service", "Arsenalcn.ClubSys.Service\Arsenalcn.ClubSys.Service.csproj", "{75829613-19BE-4D73-967E-19D3B5F7CB84}"
EndProject
Project("{FAE04EC0-301F-11D3-BF4B-00C04F79EFBC}") = "Arsenalcn.ClubSys.Web", "Arsenalcn.ClubSys.Web\Arsenalcn.ClubSys.Web.csproj", "{32CF12A8-B988-43D9-9934-265A13A7DF82}"
EndProject
Project("{FAE04EC0-301F-11D3-BF4B-00C04F79EFBC}") = "Arsenalcn.Core.Tests", "Arsenalcn.Core.Tests\Arsenalcn.Core.Tests.csproj", "{F9E70403-E5AA-42AD-BBEC-B338038B9306}"
EndProject
Project("{FAE04EC0-301F-11D3-BF4B-00C04F79EFBC}") = "Arsenalcn.Event", "Arsenalcn.Event\Arsenalcn.Event.csproj", "{2FD842D7-9D05-4EDB-A5BB-1D60E48E5BC5}"
EndProject
Project("{FAE04EC0-301F-11D3-BF4B-00C04F79EFBC}") = "iArsenal.Service", "iArsenal.Service\iArsenal.Service.csproj", "{BAB0E195-5717-4CC8-B599-B265708D353A}"
EndProject
Project("{FAE04EC0-301F-11D3-BF4B-00C04F79EFBC}") = "iArsenal.Web", "iArsenal.Web\iArsenal.Web.csproj", "{E42857D7-A0A4-4974-890C-BE5E6C36E600}"
EndProject
Project("{FAE04EC0-301F-11D3-BF4B-00C04F79EFBC}") = "Arsenal.Service", "Arsenal.Service\Arsenal.Service.csproj", "{852E458A-6CBD-42D1-BA22-8F6EDA353AA7}"
EndProject
Project("{FAE04EC0-301F-11D3-BF4B-00C04F79EFBC}") = "Arsenal.Web", "Arsenal.Web\Arsenal.Web.csproj", "{2F427066-57F9-495F-B91A-F4D0D097C949}"
EndProject
Project("{FAE04EC0-301F-11D3-BF4B-00C04F79EFBC}") = "Arsenalcn.Scheduler.Tests", "Arsenalcn.Scheduler.Tests\Arsenalcn.Scheduler.Tests.csproj", "{A89390ED-8634-4526-89F5-D438B0A2246F}"
EndProject
Project("{FAE04EC0-301F-11D3-BF4B-00C04F79EFBC}") = "Arsenal.Mobile", "Arsenal.Mobile\Arsenal.Mobile.csproj", "{F4B78136-0A68-44E6-A4DE-D1726A1F0F2C}"
EndProject
Global
	GlobalSection(SolutionConfigurationPlatforms) = preSolution
		Ad-Hoc|Any CPU = Ad-Hoc|Any CPU
		Ad-Hoc|iPhone = Ad-Hoc|iPhone
		Ad-Hoc|iPhoneSimulator = Ad-Hoc|iPhoneSimulator
		AppStore|Any CPU = AppStore|Any CPU
		AppStore|iPhone = AppStore|iPhone
		AppStore|iPhoneSimulator = AppStore|iPhoneSimulator
		Debug|Any CPU = Debug|Any CPU
		Debug|iPhone = Debug|iPhone
		Debug|iPhoneSimulator = Debug|iPhoneSimulator
		Release|Any CPU = Release|Any CPU
		Release|iPhone = Release|iPhone
		Release|iPhoneSimulator = Release|iPhoneSimulator
	EndGlobalSection
	GlobalSection(ProjectConfigurationPlatforms) = postSolution
		{8258A2E1-6821-4BAE-9111-3FBB65703FE0}.Ad-Hoc|Any CPU.ActiveCfg = Release|Any CPU
		{8258A2E1-6821-4BAE-9111-3FBB65703FE0}.Ad-Hoc|Any CPU.Build.0 = Release|Any CPU
		{8258A2E1-6821-4BAE-9111-3FBB65703FE0}.Ad-Hoc|iPhone.ActiveCfg = Release|Any CPU
		{8258A2E1-6821-4BAE-9111-3FBB65703FE0}.Ad-Hoc|iPhone.Build.0 = Release|Any CPU
		{8258A2E1-6821-4BAE-9111-3FBB65703FE0}.Ad-Hoc|iPhoneSimulator.ActiveCfg = Release|Any CPU
		{8258A2E1-6821-4BAE-9111-3FBB65703FE0}.Ad-Hoc|iPhoneSimulator.Build.0 = Release|Any CPU
		{8258A2E1-6821-4BAE-9111-3FBB65703FE0}.AppStore|Any CPU.ActiveCfg = Release|Any CPU
		{8258A2E1-6821-4BAE-9111-3FBB65703FE0}.AppStore|Any CPU.Build.0 = Release|Any CPU
		{8258A2E1-6821-4BAE-9111-3FBB65703FE0}.AppStore|iPhone.ActiveCfg = Release|Any CPU
		{8258A2E1-6821-4BAE-9111-3FBB65703FE0}.AppStore|iPhone.Build.0 = Release|Any CPU
		{8258A2E1-6821-4BAE-9111-3FBB65703FE0}.AppStore|iPhoneSimulator.ActiveCfg = Release|Any CPU
		{8258A2E1-6821-4BAE-9111-3FBB65703FE0}.AppStore|iPhoneSimulator.Build.0 = Release|Any CPU
		{8258A2E1-6821-4BAE-9111-3FBB65703FE0}.Debug|Any CPU.ActiveCfg = Debug|Any CPU
		{8258A2E1-6821-4BAE-9111-3FBB65703FE0}.Debug|Any CPU.Build.0 = Debug|Any CPU
		{8258A2E1-6821-4BAE-9111-3FBB65703FE0}.Debug|iPhone.ActiveCfg = Debug|Any CPU
		{8258A2E1-6821-4BAE-9111-3FBB65703FE0}.Debug|iPhone.Build.0 = Debug|Any CPU
		{8258A2E1-6821-4BAE-9111-3FBB65703FE0}.Debug|iPhoneSimulator.ActiveCfg = Debug|Any CPU
		{8258A2E1-6821-4BAE-9111-3FBB65703FE0}.Debug|iPhoneSimulator.Build.0 = Debug|Any CPU
		{8258A2E1-6821-4BAE-9111-3FBB65703FE0}.Release|Any CPU.ActiveCfg = Release|Any CPU
		{8258A2E1-6821-4BAE-9111-3FBB65703FE0}.Release|Any CPU.Build.0 = Release|Any CPU
		{8258A2E1-6821-4BAE-9111-3FBB65703FE0}.Release|iPhone.ActiveCfg = Release|Any CPU
		{8258A2E1-6821-4BAE-9111-3FBB65703FE0}.Release|iPhone.Build.0 = Release|Any CPU
		{8258A2E1-6821-4BAE-9111-3FBB65703FE0}.Release|iPhoneSimulator.ActiveCfg = Release|Any CPU
		{8258A2E1-6821-4BAE-9111-3FBB65703FE0}.Release|iPhoneSimulator.Build.0 = Release|Any CPU
		{F7122A3E-CCFB-496D-89D1-09D54AF11135}.Ad-Hoc|Any CPU.ActiveCfg = Release|Any CPU
		{F7122A3E-CCFB-496D-89D1-09D54AF11135}.Ad-Hoc|Any CPU.Build.0 = Release|Any CPU
		{F7122A3E-CCFB-496D-89D1-09D54AF11135}.Ad-Hoc|iPhone.ActiveCfg = Release|Any CPU
		{F7122A3E-CCFB-496D-89D1-09D54AF11135}.Ad-Hoc|iPhone.Build.0 = Release|Any CPU
		{F7122A3E-CCFB-496D-89D1-09D54AF11135}.Ad-Hoc|iPhoneSimulator.ActiveCfg = Release|Any CPU
		{F7122A3E-CCFB-496D-89D1-09D54AF11135}.Ad-Hoc|iPhoneSimulator.Build.0 = Release|Any CPU
		{F7122A3E-CCFB-496D-89D1-09D54AF11135}.AppStore|Any CPU.ActiveCfg = Release|Any CPU
		{F7122A3E-CCFB-496D-89D1-09D54AF11135}.AppStore|Any CPU.Build.0 = Release|Any CPU
		{F7122A3E-CCFB-496D-89D1-09D54AF11135}.AppStore|iPhone.ActiveCfg = Release|Any CPU
		{F7122A3E-CCFB-496D-89D1-09D54AF11135}.AppStore|iPhone.Build.0 = Release|Any CPU
		{F7122A3E-CCFB-496D-89D1-09D54AF11135}.AppStore|iPhoneSimulator.ActiveCfg = Release|Any CPU
		{F7122A3E-CCFB-496D-89D1-09D54AF11135}.AppStore|iPhoneSimulator.Build.0 = Release|Any CPU
		{F7122A3E-CCFB-496D-89D1-09D54AF11135}.Debug|Any CPU.ActiveCfg = Debug|Any CPU
		{F7122A3E-CCFB-496D-89D1-09D54AF11135}.Debug|Any CPU.Build.0 = Debug|Any CPU
		{F7122A3E-CCFB-496D-89D1-09D54AF11135}.Debug|iPhone.ActiveCfg = Debug|Any CPU
		{F7122A3E-CCFB-496D-89D1-09D54AF11135}.Debug|iPhone.Build.0 = Debug|Any CPU
		{F7122A3E-CCFB-496D-89D1-09D54AF11135}.Debug|iPhoneSimulator.ActiveCfg = Debug|Any CPU
		{F7122A3E-CCFB-496D-89D1-09D54AF11135}.Debug|iPhoneSimulator.Build.0 = Debug|Any CPU
		{F7122A3E-CCFB-496D-89D1-09D54AF11135}.Release|Any CPU.ActiveCfg = Release|Any CPU
		{F7122A3E-CCFB-496D-89D1-09D54AF11135}.Release|Any CPU.Build.0 = Release|Any CPU
		{F7122A3E-CCFB-496D-89D1-09D54AF11135}.Release|iPhone.ActiveCfg = Release|Any CPU
		{F7122A3E-CCFB-496D-89D1-09D54AF11135}.Release|iPhone.Build.0 = Release|Any CPU
		{F7122A3E-CCFB-496D-89D1-09D54AF11135}.Release|iPhoneSimulator.ActiveCfg = Release|Any CPU
		{F7122A3E-CCFB-496D-89D1-09D54AF11135}.Release|iPhoneSimulator.Build.0 = Release|Any CPU
		{CD9A6BD8-88B6-45F4-B41D-7DC11E173B78}.Ad-Hoc|Any CPU.ActiveCfg = Release|Any CPU
		{CD9A6BD8-88B6-45F4-B41D-7DC11E173B78}.Ad-Hoc|Any CPU.Build.0 = Release|Any CPU
		{CD9A6BD8-88B6-45F4-B41D-7DC11E173B78}.Ad-Hoc|iPhone.ActiveCfg = Release|Any CPU
		{CD9A6BD8-88B6-45F4-B41D-7DC11E173B78}.Ad-Hoc|iPhone.Build.0 = Release|Any CPU
		{CD9A6BD8-88B6-45F4-B41D-7DC11E173B78}.Ad-Hoc|iPhoneSimulator.ActiveCfg = Release|Any CPU
		{CD9A6BD8-88B6-45F4-B41D-7DC11E173B78}.Ad-Hoc|iPhoneSimulator.Build.0 = Release|Any CPU
		{CD9A6BD8-88B6-45F4-B41D-7DC11E173B78}.AppStore|Any CPU.ActiveCfg = Release|Any CPU
		{CD9A6BD8-88B6-45F4-B41D-7DC11E173B78}.AppStore|Any CPU.Build.0 = Release|Any CPU
		{CD9A6BD8-88B6-45F4-B41D-7DC11E173B78}.AppStore|iPhone.ActiveCfg = Release|Any CPU
		{CD9A6BD8-88B6-45F4-B41D-7DC11E173B78}.AppStore|iPhone.Build.0 = Release|Any CPU
		{CD9A6BD8-88B6-45F4-B41D-7DC11E173B78}.AppStore|iPhoneSimulator.ActiveCfg = Release|Any CPU
		{CD9A6BD8-88B6-45F4-B41D-7DC11E173B78}.AppStore|iPhoneSimulator.Build.0 = Release|Any CPU
		{CD9A6BD8-88B6-45F4-B41D-7DC11E173B78}.Debug|Any CPU.ActiveCfg = Debug|Any CPU
		{CD9A6BD8-88B6-45F4-B41D-7DC11E173B78}.Debug|Any CPU.Build.0 = Debug|Any CPU
		{CD9A6BD8-88B6-45F4-B41D-7DC11E173B78}.Debug|iPhone.ActiveCfg = Debug|Any CPU
		{CD9A6BD8-88B6-45F4-B41D-7DC11E173B78}.Debug|iPhone.Build.0 = Debug|Any CPU
		{CD9A6BD8-88B6-45F4-B41D-7DC11E173B78}.Debug|iPhoneSimulator.ActiveCfg = Debug|Any CPU
		{CD9A6BD8-88B6-45F4-B41D-7DC11E173B78}.Debug|iPhoneSimulator.Build.0 = Debug|Any CPU
		{CD9A6BD8-88B6-45F4-B41D-7DC11E173B78}.Release|Any CPU.ActiveCfg = Release|Any CPU
		{CD9A6BD8-88B6-45F4-B41D-7DC11E173B78}.Release|Any CPU.Build.0 = Release|Any CPU
		{CD9A6BD8-88B6-45F4-B41D-7DC11E173B78}.Release|iPhone.ActiveCfg = Release|Any CPU
		{CD9A6BD8-88B6-45F4-B41D-7DC11E173B78}.Release|iPhone.Build.0 = Release|Any CPU
		{CD9A6BD8-88B6-45F4-B41D-7DC11E173B78}.Release|iPhoneSimulator.ActiveCfg = Release|Any CPU
		{CD9A6BD8-88B6-45F4-B41D-7DC11E173B78}.Release|iPhoneSimulator.Build.0 = Release|Any CPU
		{06DDCDDF-F83F-4153-8F74-947EECF2C40B}.Ad-Hoc|Any CPU.ActiveCfg = Release|Any CPU
		{06DDCDDF-F83F-4153-8F74-947EECF2C40B}.Ad-Hoc|Any CPU.Build.0 = Release|Any CPU
		{06DDCDDF-F83F-4153-8F74-947EECF2C40B}.Ad-Hoc|iPhone.ActiveCfg = Release|Any CPU
		{06DDCDDF-F83F-4153-8F74-947EECF2C40B}.Ad-Hoc|iPhone.Build.0 = Release|Any CPU
		{06DDCDDF-F83F-4153-8F74-947EECF2C40B}.Ad-Hoc|iPhoneSimulator.ActiveCfg = Release|Any CPU
		{06DDCDDF-F83F-4153-8F74-947EECF2C40B}.Ad-Hoc|iPhoneSimulator.Build.0 = Release|Any CPU
		{06DDCDDF-F83F-4153-8F74-947EECF2C40B}.AppStore|Any CPU.ActiveCfg = Release|Any CPU
		{06DDCDDF-F83F-4153-8F74-947EECF2C40B}.AppStore|Any CPU.Build.0 = Release|Any CPU
		{06DDCDDF-F83F-4153-8F74-947EECF2C40B}.AppStore|iPhone.ActiveCfg = Release|Any CPU
		{06DDCDDF-F83F-4153-8F74-947EECF2C40B}.AppStore|iPhone.Build.0 = Release|Any CPU
		{06DDCDDF-F83F-4153-8F74-947EECF2C40B}.AppStore|iPhoneSimulator.ActiveCfg = Release|Any CPU
		{06DDCDDF-F83F-4153-8F74-947EECF2C40B}.AppStore|iPhoneSimulator.Build.0 = Release|Any CPU
		{06DDCDDF-F83F-4153-8F74-947EECF2C40B}.Debug|Any CPU.ActiveCfg = Debug|Any CPU
		{06DDCDDF-F83F-4153-8F74-947EECF2C40B}.Debug|Any CPU.Build.0 = Debug|Any CPU
		{06DDCDDF-F83F-4153-8F74-947EECF2C40B}.Debug|iPhone.ActiveCfg = Debug|Any CPU
		{06DDCDDF-F83F-4153-8F74-947EECF2C40B}.Debug|iPhone.Build.0 = Debug|Any CPU
		{06DDCDDF-F83F-4153-8F74-947EECF2C40B}.Debug|iPhoneSimulator.ActiveCfg = Debug|Any CPU
		{06DDCDDF-F83F-4153-8F74-947EECF2C40B}.Debug|iPhoneSimulator.Build.0 = Debug|Any CPU
		{06DDCDDF-F83F-4153-8F74-947EECF2C40B}.Release|Any CPU.ActiveCfg = Release|Any CPU
		{06DDCDDF-F83F-4153-8F74-947EECF2C40B}.Release|Any CPU.Build.0 = Release|Any CPU
		{06DDCDDF-F83F-4153-8F74-947EECF2C40B}.Release|iPhone.ActiveCfg = Release|Any CPU
		{06DDCDDF-F83F-4153-8F74-947EECF2C40B}.Release|iPhone.Build.0 = Release|Any CPU
		{06DDCDDF-F83F-4153-8F74-947EECF2C40B}.Release|iPhoneSimulator.ActiveCfg = Release|Any CPU
		{06DDCDDF-F83F-4153-8F74-947EECF2C40B}.Release|iPhoneSimulator.Build.0 = Release|Any CPU
		{C46F6AF6-EBE1-4BAC-BC17-0989FA6C9B8E}.Ad-Hoc|Any CPU.ActiveCfg = Release|Any CPU
		{C46F6AF6-EBE1-4BAC-BC17-0989FA6C9B8E}.Ad-Hoc|Any CPU.Build.0 = Release|Any CPU
		{C46F6AF6-EBE1-4BAC-BC17-0989FA6C9B8E}.Ad-Hoc|iPhone.ActiveCfg = Release|Any CPU
		{C46F6AF6-EBE1-4BAC-BC17-0989FA6C9B8E}.Ad-Hoc|iPhone.Build.0 = Release|Any CPU
		{C46F6AF6-EBE1-4BAC-BC17-0989FA6C9B8E}.Ad-Hoc|iPhoneSimulator.ActiveCfg = Release|Any CPU
		{C46F6AF6-EBE1-4BAC-BC17-0989FA6C9B8E}.Ad-Hoc|iPhoneSimulator.Build.0 = Release|Any CPU
		{C46F6AF6-EBE1-4BAC-BC17-0989FA6C9B8E}.AppStore|Any CPU.ActiveCfg = Release|Any CPU
		{C46F6AF6-EBE1-4BAC-BC17-0989FA6C9B8E}.AppStore|Any CPU.Build.0 = Release|Any CPU
		{C46F6AF6-EBE1-4BAC-BC17-0989FA6C9B8E}.AppStore|iPhone.ActiveCfg = Release|Any CPU
		{C46F6AF6-EBE1-4BAC-BC17-0989FA6C9B8E}.AppStore|iPhone.Build.0 = Release|Any CPU
		{C46F6AF6-EBE1-4BAC-BC17-0989FA6C9B8E}.AppStore|iPhoneSimulator.ActiveCfg = Release|Any CPU
		{C46F6AF6-EBE1-4BAC-BC17-0989FA6C9B8E}.AppStore|iPhoneSimulator.Build.0 = Release|Any CPU
		{C46F6AF6-EBE1-4BAC-BC17-0989FA6C9B8E}.Debug|Any CPU.ActiveCfg = Debug|Any CPU
		{C46F6AF6-EBE1-4BAC-BC17-0989FA6C9B8E}.Debug|Any CPU.Build.0 = Debug|Any CPU
		{C46F6AF6-EBE1-4BAC-BC17-0989FA6C9B8E}.Debug|iPhone.ActiveCfg = Debug|Any CPU
		{C46F6AF6-EBE1-4BAC-BC17-0989FA6C9B8E}.Debug|iPhone.Build.0 = Debug|Any CPU
		{C46F6AF6-EBE1-4BAC-BC17-0989FA6C9B8E}.Debug|iPhoneSimulator.ActiveCfg = Debug|Any CPU
		{C46F6AF6-EBE1-4BAC-BC17-0989FA6C9B8E}.Debug|iPhoneSimulator.Build.0 = Debug|Any CPU
		{C46F6AF6-EBE1-4BAC-BC17-0989FA6C9B8E}.Release|Any CPU.ActiveCfg = Release|Any CPU
		{C46F6AF6-EBE1-4BAC-BC17-0989FA6C9B8E}.Release|Any CPU.Build.0 = Release|Any CPU
		{C46F6AF6-EBE1-4BAC-BC17-0989FA6C9B8E}.Release|iPhone.ActiveCfg = Release|Any CPU
		{C46F6AF6-EBE1-4BAC-BC17-0989FA6C9B8E}.Release|iPhone.Build.0 = Release|Any CPU
		{C46F6AF6-EBE1-4BAC-BC17-0989FA6C9B8E}.Release|iPhoneSimulator.ActiveCfg = Release|Any CPU
		{C46F6AF6-EBE1-4BAC-BC17-0989FA6C9B8E}.Release|iPhoneSimulator.Build.0 = Release|Any CPU
		{75829613-19BE-4D73-967E-19D3B5F7CB84}.Ad-Hoc|Any CPU.ActiveCfg = Release|Any CPU
		{75829613-19BE-4D73-967E-19D3B5F7CB84}.Ad-Hoc|Any CPU.Build.0 = Release|Any CPU
		{75829613-19BE-4D73-967E-19D3B5F7CB84}.Ad-Hoc|iPhone.ActiveCfg = Release|Any CPU
		{75829613-19BE-4D73-967E-19D3B5F7CB84}.Ad-Hoc|iPhone.Build.0 = Release|Any CPU
		{75829613-19BE-4D73-967E-19D3B5F7CB84}.Ad-Hoc|iPhoneSimulator.ActiveCfg = Release|Any CPU
		{75829613-19BE-4D73-967E-19D3B5F7CB84}.Ad-Hoc|iPhoneSimulator.Build.0 = Release|Any CPU
		{75829613-19BE-4D73-967E-19D3B5F7CB84}.AppStore|Any CPU.ActiveCfg = Release|Any CPU
		{75829613-19BE-4D73-967E-19D3B5F7CB84}.AppStore|Any CPU.Build.0 = Release|Any CPU
		{75829613-19BE-4D73-967E-19D3B5F7CB84}.AppStore|iPhone.ActiveCfg = Release|Any CPU
		{75829613-19BE-4D73-967E-19D3B5F7CB84}.AppStore|iPhone.Build.0 = Release|Any CPU
		{75829613-19BE-4D73-967E-19D3B5F7CB84}.AppStore|iPhoneSimulator.ActiveCfg = Release|Any CPU
		{75829613-19BE-4D73-967E-19D3B5F7CB84}.AppStore|iPhoneSimulator.Build.0 = Release|Any CPU
		{75829613-19BE-4D73-967E-19D3B5F7CB84}.Debug|Any CPU.ActiveCfg = Debug|Any CPU
		{75829613-19BE-4D73-967E-19D3B5F7CB84}.Debug|Any CPU.Build.0 = Debug|Any CPU
		{75829613-19BE-4D73-967E-19D3B5F7CB84}.Debug|iPhone.ActiveCfg = Debug|Any CPU
		{75829613-19BE-4D73-967E-19D3B5F7CB84}.Debug|iPhone.Build.0 = Debug|Any CPU
		{75829613-19BE-4D73-967E-19D3B5F7CB84}.Debug|iPhoneSimulator.ActiveCfg = Debug|Any CPU
		{75829613-19BE-4D73-967E-19D3B5F7CB84}.Debug|iPhoneSimulator.Build.0 = Debug|Any CPU
		{75829613-19BE-4D73-967E-19D3B5F7CB84}.Release|Any CPU.ActiveCfg = Release|Any CPU
		{75829613-19BE-4D73-967E-19D3B5F7CB84}.Release|Any CPU.Build.0 = Release|Any CPU
		{75829613-19BE-4D73-967E-19D3B5F7CB84}.Release|iPhone.ActiveCfg = Release|Any CPU
		{75829613-19BE-4D73-967E-19D3B5F7CB84}.Release|iPhone.Build.0 = Release|Any CPU
		{75829613-19BE-4D73-967E-19D3B5F7CB84}.Release|iPhoneSimulator.ActiveCfg = Release|Any CPU
		{75829613-19BE-4D73-967E-19D3B5F7CB84}.Release|iPhoneSimulator.Build.0 = Release|Any CPU
		{32CF12A8-B988-43D9-9934-265A13A7DF82}.Ad-Hoc|Any CPU.ActiveCfg = Release|Any CPU
		{32CF12A8-B988-43D9-9934-265A13A7DF82}.Ad-Hoc|Any CPU.Build.0 = Release|Any CPU
		{32CF12A8-B988-43D9-9934-265A13A7DF82}.Ad-Hoc|iPhone.ActiveCfg = Release|Any CPU
		{32CF12A8-B988-43D9-9934-265A13A7DF82}.Ad-Hoc|iPhone.Build.0 = Release|Any CPU
		{32CF12A8-B988-43D9-9934-265A13A7DF82}.Ad-Hoc|iPhoneSimulator.ActiveCfg = Release|Any CPU
		{32CF12A8-B988-43D9-9934-265A13A7DF82}.Ad-Hoc|iPhoneSimulator.Build.0 = Release|Any CPU
		{32CF12A8-B988-43D9-9934-265A13A7DF82}.AppStore|Any CPU.ActiveCfg = Release|Any CPU
		{32CF12A8-B988-43D9-9934-265A13A7DF82}.AppStore|Any CPU.Build.0 = Release|Any CPU
		{32CF12A8-B988-43D9-9934-265A13A7DF82}.AppStore|iPhone.ActiveCfg = Release|Any CPU
		{32CF12A8-B988-43D9-9934-265A13A7DF82}.AppStore|iPhone.Build.0 = Release|Any CPU
		{32CF12A8-B988-43D9-9934-265A13A7DF82}.AppStore|iPhoneSimulator.ActiveCfg = Release|Any CPU
		{32CF12A8-B988-43D9-9934-265A13A7DF82}.AppStore|iPhoneSimulator.Build.0 = Release|Any CPU
		{32CF12A8-B988-43D9-9934-265A13A7DF82}.Debug|Any CPU.ActiveCfg = Debug|Any CPU
		{32CF12A8-B988-43D9-9934-265A13A7DF82}.Debug|Any CPU.Build.0 = Debug|Any CPU
		{32CF12A8-B988-43D9-9934-265A13A7DF82}.Debug|iPhone.ActiveCfg = Debug|Any CPU
		{32CF12A8-B988-43D9-9934-265A13A7DF82}.Debug|iPhone.Build.0 = Debug|Any CPU
		{32CF12A8-B988-43D9-9934-265A13A7DF82}.Debug|iPhoneSimulator.ActiveCfg = Debug|Any CPU
		{32CF12A8-B988-43D9-9934-265A13A7DF82}.Debug|iPhoneSimulator.Build.0 = Debug|Any CPU
		{32CF12A8-B988-43D9-9934-265A13A7DF82}.Release|Any CPU.ActiveCfg = Release|Any CPU
		{32CF12A8-B988-43D9-9934-265A13A7DF82}.Release|Any CPU.Build.0 = Release|Any CPU
		{32CF12A8-B988-43D9-9934-265A13A7DF82}.Release|iPhone.ActiveCfg = Release|Any CPU
		{32CF12A8-B988-43D9-9934-265A13A7DF82}.Release|iPhone.Build.0 = Release|Any CPU
		{32CF12A8-B988-43D9-9934-265A13A7DF82}.Release|iPhoneSimulator.ActiveCfg = Release|Any CPU
		{32CF12A8-B988-43D9-9934-265A13A7DF82}.Release|iPhoneSimulator.Build.0 = Release|Any CPU
		{F9E70403-E5AA-42AD-BBEC-B338038B9306}.Ad-Hoc|Any CPU.ActiveCfg = Release|Any CPU
		{F9E70403-E5AA-42AD-BBEC-B338038B9306}.Ad-Hoc|Any CPU.Build.0 = Release|Any CPU
		{F9E70403-E5AA-42AD-BBEC-B338038B9306}.Ad-Hoc|iPhone.ActiveCfg = Release|Any CPU
		{F9E70403-E5AA-42AD-BBEC-B338038B9306}.Ad-Hoc|iPhone.Build.0 = Release|Any CPU
		{F9E70403-E5AA-42AD-BBEC-B338038B9306}.Ad-Hoc|iPhoneSimulator.ActiveCfg = Release|Any CPU
		{F9E70403-E5AA-42AD-BBEC-B338038B9306}.Ad-Hoc|iPhoneSimulator.Build.0 = Release|Any CPU
		{F9E70403-E5AA-42AD-BBEC-B338038B9306}.AppStore|Any CPU.ActiveCfg = Release|Any CPU
		{F9E70403-E5AA-42AD-BBEC-B338038B9306}.AppStore|Any CPU.Build.0 = Release|Any CPU
		{F9E70403-E5AA-42AD-BBEC-B338038B9306}.AppStore|iPhone.ActiveCfg = Release|Any CPU
		{F9E70403-E5AA-42AD-BBEC-B338038B9306}.AppStore|iPhone.Build.0 = Release|Any CPU
		{F9E70403-E5AA-42AD-BBEC-B338038B9306}.AppStore|iPhoneSimulator.ActiveCfg = Release|Any CPU
		{F9E70403-E5AA-42AD-BBEC-B338038B9306}.AppStore|iPhoneSimulator.Build.0 = Release|Any CPU
		{F9E70403-E5AA-42AD-BBEC-B338038B9306}.Debug|Any CPU.ActiveCfg = Debug|Any CPU
		{F9E70403-E5AA-42AD-BBEC-B338038B9306}.Debug|Any CPU.Build.0 = Debug|Any CPU
		{F9E70403-E5AA-42AD-BBEC-B338038B9306}.Debug|iPhone.ActiveCfg = Debug|Any CPU
		{F9E70403-E5AA-42AD-BBEC-B338038B9306}.Debug|iPhone.Build.0 = Debug|Any CPU
		{F9E70403-E5AA-42AD-BBEC-B338038B9306}.Debug|iPhoneSimulator.ActiveCfg = Debug|Any CPU
		{F9E70403-E5AA-42AD-BBEC-B338038B9306}.Debug|iPhoneSimulator.Build.0 = Debug|Any CPU
		{F9E70403-E5AA-42AD-BBEC-B338038B9306}.Release|Any CPU.ActiveCfg = Release|Any CPU
		{F9E70403-E5AA-42AD-BBEC-B338038B9306}.Release|Any CPU.Build.0 = Release|Any CPU
		{F9E70403-E5AA-42AD-BBEC-B338038B9306}.Release|iPhone.ActiveCfg = Release|Any CPU
		{F9E70403-E5AA-42AD-BBEC-B338038B9306}.Release|iPhone.Build.0 = Release|Any CPU
		{F9E70403-E5AA-42AD-BBEC-B338038B9306}.Release|iPhoneSimulator.ActiveCfg = Release|Any CPU
		{F9E70403-E5AA-42AD-BBEC-B338038B9306}.Release|iPhoneSimulator.Build.0 = Release|Any CPU
		{2FD842D7-9D05-4EDB-A5BB-1D60E48E5BC5}.Ad-Hoc|Any CPU.ActiveCfg = Release|Any CPU
		{2FD842D7-9D05-4EDB-A5BB-1D60E48E5BC5}.Ad-Hoc|Any CPU.Build.0 = Release|Any CPU
		{2FD842D7-9D05-4EDB-A5BB-1D60E48E5BC5}.Ad-Hoc|iPhone.ActiveCfg = Release|Any CPU
		{2FD842D7-9D05-4EDB-A5BB-1D60E48E5BC5}.Ad-Hoc|iPhone.Build.0 = Release|Any CPU
		{2FD842D7-9D05-4EDB-A5BB-1D60E48E5BC5}.Ad-Hoc|iPhoneSimulator.ActiveCfg = Release|Any CPU
		{2FD842D7-9D05-4EDB-A5BB-1D60E48E5BC5}.Ad-Hoc|iPhoneSimulator.Build.0 = Release|Any CPU
		{2FD842D7-9D05-4EDB-A5BB-1D60E48E5BC5}.AppStore|Any CPU.ActiveCfg = Release|Any CPU
		{2FD842D7-9D05-4EDB-A5BB-1D60E48E5BC5}.AppStore|Any CPU.Build.0 = Release|Any CPU
		{2FD842D7-9D05-4EDB-A5BB-1D60E48E5BC5}.AppStore|iPhone.ActiveCfg = Release|Any CPU
		{2FD842D7-9D05-4EDB-A5BB-1D60E48E5BC5}.AppStore|iPhone.Build.0 = Release|Any CPU
		{2FD842D7-9D05-4EDB-A5BB-1D60E48E5BC5}.AppStore|iPhoneSimulator.ActiveCfg = Release|Any CPU
		{2FD842D7-9D05-4EDB-A5BB-1D60E48E5BC5}.AppStore|iPhoneSimulator.Build.0 = Release|Any CPU
		{2FD842D7-9D05-4EDB-A5BB-1D60E48E5BC5}.Debug|Any CPU.ActiveCfg = Debug|Any CPU
		{2FD842D7-9D05-4EDB-A5BB-1D60E48E5BC5}.Debug|Any CPU.Build.0 = Debug|Any CPU
		{2FD842D7-9D05-4EDB-A5BB-1D60E48E5BC5}.Debug|iPhone.ActiveCfg = Debug|Any CPU
		{2FD842D7-9D05-4EDB-A5BB-1D60E48E5BC5}.Debug|iPhone.Build.0 = Debug|Any CPU
		{2FD842D7-9D05-4EDB-A5BB-1D60E48E5BC5}.Debug|iPhoneSimulator.ActiveCfg = Debug|Any CPU
		{2FD842D7-9D05-4EDB-A5BB-1D60E48E5BC5}.Debug|iPhoneSimulator.Build.0 = Debug|Any CPU
		{2FD842D7-9D05-4EDB-A5BB-1D60E48E5BC5}.Release|Any CPU.ActiveCfg = Release|Any CPU
		{2FD842D7-9D05-4EDB-A5BB-1D60E48E5BC5}.Release|Any CPU.Build.0 = Release|Any CPU
		{2FD842D7-9D05-4EDB-A5BB-1D60E48E5BC5}.Release|iPhone.ActiveCfg = Release|Any CPU
		{2FD842D7-9D05-4EDB-A5BB-1D60E48E5BC5}.Release|iPhone.Build.0 = Release|Any CPU
		{2FD842D7-9D05-4EDB-A5BB-1D60E48E5BC5}.Release|iPhoneSimulator.ActiveCfg = Release|Any CPU
		{2FD842D7-9D05-4EDB-A5BB-1D60E48E5BC5}.Release|iPhoneSimulator.Build.0 = Release|Any CPU
		{BAB0E195-5717-4CC8-B599-B265708D353A}.Ad-Hoc|Any CPU.ActiveCfg = Release|Any CPU
		{BAB0E195-5717-4CC8-B599-B265708D353A}.Ad-Hoc|Any CPU.Build.0 = Release|Any CPU
		{BAB0E195-5717-4CC8-B599-B265708D353A}.Ad-Hoc|iPhone.ActiveCfg = Release|Any CPU
		{BAB0E195-5717-4CC8-B599-B265708D353A}.Ad-Hoc|iPhone.Build.0 = Release|Any CPU
		{BAB0E195-5717-4CC8-B599-B265708D353A}.Ad-Hoc|iPhoneSimulator.ActiveCfg = Release|Any CPU
		{BAB0E195-5717-4CC8-B599-B265708D353A}.Ad-Hoc|iPhoneSimulator.Build.0 = Release|Any CPU
		{BAB0E195-5717-4CC8-B599-B265708D353A}.AppStore|Any CPU.ActiveCfg = Release|Any CPU
		{BAB0E195-5717-4CC8-B599-B265708D353A}.AppStore|Any CPU.Build.0 = Release|Any CPU
		{BAB0E195-5717-4CC8-B599-B265708D353A}.AppStore|iPhone.ActiveCfg = Release|Any CPU
		{BAB0E195-5717-4CC8-B599-B265708D353A}.AppStore|iPhone.Build.0 = Release|Any CPU
		{BAB0E195-5717-4CC8-B599-B265708D353A}.AppStore|iPhoneSimulator.ActiveCfg = Release|Any CPU
		{BAB0E195-5717-4CC8-B599-B265708D353A}.AppStore|iPhoneSimulator.Build.0 = Release|Any CPU
		{BAB0E195-5717-4CC8-B599-B265708D353A}.Debug|Any CPU.ActiveCfg = Debug|Any CPU
		{BAB0E195-5717-4CC8-B599-B265708D353A}.Debug|Any CPU.Build.0 = Debug|Any CPU
		{BAB0E195-5717-4CC8-B599-B265708D353A}.Debug|iPhone.ActiveCfg = Debug|Any CPU
		{BAB0E195-5717-4CC8-B599-B265708D353A}.Debug|iPhone.Build.0 = Debug|Any CPU
		{BAB0E195-5717-4CC8-B599-B265708D353A}.Debug|iPhoneSimulator.ActiveCfg = Debug|Any CPU
		{BAB0E195-5717-4CC8-B599-B265708D353A}.Debug|iPhoneSimulator.Build.0 = Debug|Any CPU
		{BAB0E195-5717-4CC8-B599-B265708D353A}.Release|Any CPU.ActiveCfg = Release|Any CPU
		{BAB0E195-5717-4CC8-B599-B265708D353A}.Release|Any CPU.Build.0 = Release|Any CPU
		{BAB0E195-5717-4CC8-B599-B265708D353A}.Release|iPhone.ActiveCfg = Release|Any CPU
		{BAB0E195-5717-4CC8-B599-B265708D353A}.Release|iPhone.Build.0 = Release|Any CPU
		{BAB0E195-5717-4CC8-B599-B265708D353A}.Release|iPhoneSimulator.ActiveCfg = Release|Any CPU
		{BAB0E195-5717-4CC8-B599-B265708D353A}.Release|iPhoneSimulator.Build.0 = Release|Any CPU
		{E42857D7-A0A4-4974-890C-BE5E6C36E600}.Ad-Hoc|Any CPU.ActiveCfg = Release|Any CPU
		{E42857D7-A0A4-4974-890C-BE5E6C36E600}.Ad-Hoc|Any CPU.Build.0 = Release|Any CPU
		{E42857D7-A0A4-4974-890C-BE5E6C36E600}.Ad-Hoc|iPhone.ActiveCfg = Release|Any CPU
		{E42857D7-A0A4-4974-890C-BE5E6C36E600}.Ad-Hoc|iPhone.Build.0 = Release|Any CPU
		{E42857D7-A0A4-4974-890C-BE5E6C36E600}.Ad-Hoc|iPhoneSimulator.ActiveCfg = Release|Any CPU
		{E42857D7-A0A4-4974-890C-BE5E6C36E600}.Ad-Hoc|iPhoneSimulator.Build.0 = Release|Any CPU
		{E42857D7-A0A4-4974-890C-BE5E6C36E600}.AppStore|Any CPU.ActiveCfg = Release|Any CPU
		{E42857D7-A0A4-4974-890C-BE5E6C36E600}.AppStore|Any CPU.Build.0 = Release|Any CPU
		{E42857D7-A0A4-4974-890C-BE5E6C36E600}.AppStore|iPhone.ActiveCfg = Release|Any CPU
		{E42857D7-A0A4-4974-890C-BE5E6C36E600}.AppStore|iPhone.Build.0 = Release|Any CPU
		{E42857D7-A0A4-4974-890C-BE5E6C36E600}.AppStore|iPhoneSimulator.ActiveCfg = Release|Any CPU
		{E42857D7-A0A4-4974-890C-BE5E6C36E600}.AppStore|iPhoneSimulator.Build.0 = Release|Any CPU
		{E42857D7-A0A4-4974-890C-BE5E6C36E600}.Debug|Any CPU.ActiveCfg = Debug|Any CPU
		{E42857D7-A0A4-4974-890C-BE5E6C36E600}.Debug|Any CPU.Build.0 = Debug|Any CPU
		{E42857D7-A0A4-4974-890C-BE5E6C36E600}.Debug|iPhone.ActiveCfg = Debug|Any CPU
		{E42857D7-A0A4-4974-890C-BE5E6C36E600}.Debug|iPhone.Build.0 = Debug|Any CPU
		{E42857D7-A0A4-4974-890C-BE5E6C36E600}.Debug|iPhoneSimulator.ActiveCfg = Debug|Any CPU
		{E42857D7-A0A4-4974-890C-BE5E6C36E600}.Debug|iPhoneSimulator.Build.0 = Debug|Any CPU
		{E42857D7-A0A4-4974-890C-BE5E6C36E600}.Release|Any CPU.ActiveCfg = Release|Any CPU
		{E42857D7-A0A4-4974-890C-BE5E6C36E600}.Release|Any CPU.Build.0 = Release|Any CPU
		{E42857D7-A0A4-4974-890C-BE5E6C36E600}.Release|iPhone.ActiveCfg = Release|Any CPU
		{E42857D7-A0A4-4974-890C-BE5E6C36E600}.Release|iPhone.Build.0 = Release|Any CPU
		{E42857D7-A0A4-4974-890C-BE5E6C36E600}.Release|iPhoneSimulator.ActiveCfg = Release|Any CPU
		{E42857D7-A0A4-4974-890C-BE5E6C36E600}.Release|iPhoneSimulator.Build.0 = Release|Any CPU
		{852E458A-6CBD-42D1-BA22-8F6EDA353AA7}.Ad-Hoc|Any CPU.ActiveCfg = Release|Any CPU
		{852E458A-6CBD-42D1-BA22-8F6EDA353AA7}.Ad-Hoc|Any CPU.Build.0 = Release|Any CPU
		{852E458A-6CBD-42D1-BA22-8F6EDA353AA7}.Ad-Hoc|iPhone.ActiveCfg = Release|Any CPU
		{852E458A-6CBD-42D1-BA22-8F6EDA353AA7}.Ad-Hoc|iPhone.Build.0 = Release|Any CPU
		{852E458A-6CBD-42D1-BA22-8F6EDA353AA7}.Ad-Hoc|iPhoneSimulator.ActiveCfg = Release|Any CPU
		{852E458A-6CBD-42D1-BA22-8F6EDA353AA7}.Ad-Hoc|iPhoneSimulator.Build.0 = Release|Any CPU
		{852E458A-6CBD-42D1-BA22-8F6EDA353AA7}.AppStore|Any CPU.ActiveCfg = Release|Any CPU
		{852E458A-6CBD-42D1-BA22-8F6EDA353AA7}.AppStore|Any CPU.Build.0 = Release|Any CPU
		{852E458A-6CBD-42D1-BA22-8F6EDA353AA7}.AppStore|iPhone.ActiveCfg = Release|Any CPU
		{852E458A-6CBD-42D1-BA22-8F6EDA353AA7}.AppStore|iPhone.Build.0 = Release|Any CPU
		{852E458A-6CBD-42D1-BA22-8F6EDA353AA7}.AppStore|iPhoneSimulator.ActiveCfg = Release|Any CPU
		{852E458A-6CBD-42D1-BA22-8F6EDA353AA7}.AppStore|iPhoneSimulator.Build.0 = Release|Any CPU
		{852E458A-6CBD-42D1-BA22-8F6EDA353AA7}.Debug|Any CPU.ActiveCfg = Debug|Any CPU
		{852E458A-6CBD-42D1-BA22-8F6EDA353AA7}.Debug|Any CPU.Build.0 = Debug|Any CPU
		{852E458A-6CBD-42D1-BA22-8F6EDA353AA7}.Debug|iPhone.ActiveCfg = Debug|Any CPU
		{852E458A-6CBD-42D1-BA22-8F6EDA353AA7}.Debug|iPhone.Build.0 = Debug|Any CPU
		{852E458A-6CBD-42D1-BA22-8F6EDA353AA7}.Debug|iPhoneSimulator.ActiveCfg = Debug|Any CPU
		{852E458A-6CBD-42D1-BA22-8F6EDA353AA7}.Debug|iPhoneSimulator.Build.0 = Debug|Any CPU
		{852E458A-6CBD-42D1-BA22-8F6EDA353AA7}.Release|Any CPU.ActiveCfg = Release|Any CPU
		{852E458A-6CBD-42D1-BA22-8F6EDA353AA7}.Release|Any CPU.Build.0 = Release|Any CPU
		{852E458A-6CBD-42D1-BA22-8F6EDA353AA7}.Release|iPhone.ActiveCfg = Release|Any CPU
		{852E458A-6CBD-42D1-BA22-8F6EDA353AA7}.Release|iPhone.Build.0 = Release|Any CPU
		{852E458A-6CBD-42D1-BA22-8F6EDA353AA7}.Release|iPhoneSimulator.ActiveCfg = Release|Any CPU
		{852E458A-6CBD-42D1-BA22-8F6EDA353AA7}.Release|iPhoneSimulator.Build.0 = Release|Any CPU
		{2F427066-57F9-495F-B91A-F4D0D097C949}.Ad-Hoc|Any CPU.ActiveCfg = Release|Any CPU
		{2F427066-57F9-495F-B91A-F4D0D097C949}.Ad-Hoc|Any CPU.Build.0 = Release|Any CPU
		{2F427066-57F9-495F-B91A-F4D0D097C949}.Ad-Hoc|iPhone.ActiveCfg = Release|Any CPU
		{2F427066-57F9-495F-B91A-F4D0D097C949}.Ad-Hoc|iPhone.Build.0 = Release|Any CPU
		{2F427066-57F9-495F-B91A-F4D0D097C949}.Ad-Hoc|iPhoneSimulator.ActiveCfg = Release|Any CPU
		{2F427066-57F9-495F-B91A-F4D0D097C949}.Ad-Hoc|iPhoneSimulator.Build.0 = Release|Any CPU
		{2F427066-57F9-495F-B91A-F4D0D097C949}.AppStore|Any CPU.ActiveCfg = Release|Any CPU
		{2F427066-57F9-495F-B91A-F4D0D097C949}.AppStore|Any CPU.Build.0 = Release|Any CPU
		{2F427066-57F9-495F-B91A-F4D0D097C949}.AppStore|iPhone.ActiveCfg = Release|Any CPU
		{2F427066-57F9-495F-B91A-F4D0D097C949}.AppStore|iPhone.Build.0 = Release|Any CPU
		{2F427066-57F9-495F-B91A-F4D0D097C949}.AppStore|iPhoneSimulator.ActiveCfg = Release|Any CPU
		{2F427066-57F9-495F-B91A-F4D0D097C949}.AppStore|iPhoneSimulator.Build.0 = Release|Any CPU
		{2F427066-57F9-495F-B91A-F4D0D097C949}.Debug|Any CPU.ActiveCfg = Debug|Any CPU
		{2F427066-57F9-495F-B91A-F4D0D097C949}.Debug|Any CPU.Build.0 = Debug|Any CPU
		{2F427066-57F9-495F-B91A-F4D0D097C949}.Debug|iPhone.ActiveCfg = Debug|Any CPU
		{2F427066-57F9-495F-B91A-F4D0D097C949}.Debug|iPhone.Build.0 = Debug|Any CPU
		{2F427066-57F9-495F-B91A-F4D0D097C949}.Debug|iPhoneSimulator.ActiveCfg = Debug|Any CPU
		{2F427066-57F9-495F-B91A-F4D0D097C949}.Debug|iPhoneSimulator.Build.0 = Debug|Any CPU
		{2F427066-57F9-495F-B91A-F4D0D097C949}.Release|Any CPU.ActiveCfg = Release|Any CPU
		{2F427066-57F9-495F-B91A-F4D0D097C949}.Release|Any CPU.Build.0 = Release|Any CPU
		{2F427066-57F9-495F-B91A-F4D0D097C949}.Release|iPhone.ActiveCfg = Release|Any CPU
		{2F427066-57F9-495F-B91A-F4D0D097C949}.Release|iPhone.Build.0 = Release|Any CPU
		{2F427066-57F9-495F-B91A-F4D0D097C949}.Release|iPhoneSimulator.ActiveCfg = Release|Any CPU
		{2F427066-57F9-495F-B91A-F4D0D097C949}.Release|iPhoneSimulator.Build.0 = Release|Any CPU
		{A89390ED-8634-4526-89F5-D438B0A2246F}.Ad-Hoc|Any CPU.ActiveCfg = Release|Any CPU
		{A89390ED-8634-4526-89F5-D438B0A2246F}.Ad-Hoc|Any CPU.Build.0 = Release|Any CPU
		{A89390ED-8634-4526-89F5-D438B0A2246F}.Ad-Hoc|iPhone.ActiveCfg = Release|Any CPU
		{A89390ED-8634-4526-89F5-D438B0A2246F}.Ad-Hoc|iPhone.Build.0 = Release|Any CPU
		{A89390ED-8634-4526-89F5-D438B0A2246F}.Ad-Hoc|iPhoneSimulator.ActiveCfg = Release|Any CPU
		{A89390ED-8634-4526-89F5-D438B0A2246F}.Ad-Hoc|iPhoneSimulator.Build.0 = Release|Any CPU
		{A89390ED-8634-4526-89F5-D438B0A2246F}.AppStore|Any CPU.ActiveCfg = Release|Any CPU
		{A89390ED-8634-4526-89F5-D438B0A2246F}.AppStore|Any CPU.Build.0 = Release|Any CPU
		{A89390ED-8634-4526-89F5-D438B0A2246F}.AppStore|iPhone.ActiveCfg = Release|Any CPU
		{A89390ED-8634-4526-89F5-D438B0A2246F}.AppStore|iPhone.Build.0 = Release|Any CPU
		{A89390ED-8634-4526-89F5-D438B0A2246F}.AppStore|iPhoneSimulator.ActiveCfg = Release|Any CPU
		{A89390ED-8634-4526-89F5-D438B0A2246F}.AppStore|iPhoneSimulator.Build.0 = Release|Any CPU
		{A89390ED-8634-4526-89F5-D438B0A2246F}.Debug|Any CPU.ActiveCfg = Debug|Any CPU
		{A89390ED-8634-4526-89F5-D438B0A2246F}.Debug|Any CPU.Build.0 = Debug|Any CPU
		{A89390ED-8634-4526-89F5-D438B0A2246F}.Debug|iPhone.ActiveCfg = Debug|Any CPU
		{A89390ED-8634-4526-89F5-D438B0A2246F}.Debug|iPhone.Build.0 = Debug|Any CPU
		{A89390ED-8634-4526-89F5-D438B0A2246F}.Debug|iPhoneSimulator.ActiveCfg = Debug|Any CPU
		{A89390ED-8634-4526-89F5-D438B0A2246F}.Debug|iPhoneSimulator.Build.0 = Debug|Any CPU
		{A89390ED-8634-4526-89F5-D438B0A2246F}.Release|Any CPU.ActiveCfg = Release|Any CPU
		{A89390ED-8634-4526-89F5-D438B0A2246F}.Release|Any CPU.Build.0 = Release|Any CPU
		{A89390ED-8634-4526-89F5-D438B0A2246F}.Release|iPhone.ActiveCfg = Release|Any CPU
		{A89390ED-8634-4526-89F5-D438B0A2246F}.Release|iPhone.Build.0 = Release|Any CPU
		{A89390ED-8634-4526-89F5-D438B0A2246F}.Release|iPhoneSimulator.ActiveCfg = Release|Any CPU
		{A89390ED-8634-4526-89F5-D438B0A2246F}.Release|iPhoneSimulator.Build.0 = Release|Any CPU
		{F4B78136-0A68-44E6-A4DE-D1726A1F0F2C}.Ad-Hoc|Any CPU.ActiveCfg = Release|Any CPU
		{F4B78136-0A68-44E6-A4DE-D1726A1F0F2C}.Ad-Hoc|Any CPU.Build.0 = Release|Any CPU
		{F4B78136-0A68-44E6-A4DE-D1726A1F0F2C}.Ad-Hoc|iPhone.ActiveCfg = Release|Any CPU
		{F4B78136-0A68-44E6-A4DE-D1726A1F0F2C}.Ad-Hoc|iPhone.Build.0 = Release|Any CPU
		{F4B78136-0A68-44E6-A4DE-D1726A1F0F2C}.Ad-Hoc|iPhoneSimulator.ActiveCfg = Release|Any CPU
		{F4B78136-0A68-44E6-A4DE-D1726A1F0F2C}.Ad-Hoc|iPhoneSimulator.Build.0 = Release|Any CPU
		{F4B78136-0A68-44E6-A4DE-D1726A1F0F2C}.AppStore|Any CPU.ActiveCfg = Release|Any CPU
		{F4B78136-0A68-44E6-A4DE-D1726A1F0F2C}.AppStore|Any CPU.Build.0 = Release|Any CPU
		{F4B78136-0A68-44E6-A4DE-D1726A1F0F2C}.AppStore|iPhone.ActiveCfg = Release|Any CPU
		{F4B78136-0A68-44E6-A4DE-D1726A1F0F2C}.AppStore|iPhone.Build.0 = Release|Any CPU
		{F4B78136-0A68-44E6-A4DE-D1726A1F0F2C}.AppStore|iPhoneSimulator.ActiveCfg = Release|Any CPU
		{F4B78136-0A68-44E6-A4DE-D1726A1F0F2C}.AppStore|iPhoneSimulator.Build.0 = Release|Any CPU
		{F4B78136-0A68-44E6-A4DE-D1726A1F0F2C}.Debug|Any CPU.ActiveCfg = Debug|Any CPU
		{F4B78136-0A68-44E6-A4DE-D1726A1F0F2C}.Debug|Any CPU.Build.0 = Debug|Any CPU
		{F4B78136-0A68-44E6-A4DE-D1726A1F0F2C}.Debug|iPhone.ActiveCfg = Debug|Any CPU
		{F4B78136-0A68-44E6-A4DE-D1726A1F0F2C}.Debug|iPhone.Build.0 = Debug|Any CPU
		{F4B78136-0A68-44E6-A4DE-D1726A1F0F2C}.Debug|iPhoneSimulator.ActiveCfg = Debug|Any CPU
		{F4B78136-0A68-44E6-A4DE-D1726A1F0F2C}.Debug|iPhoneSimulator.Build.0 = Debug|Any CPU
		{F4B78136-0A68-44E6-A4DE-D1726A1F0F2C}.Release|Any CPU.ActiveCfg = Release|Any CPU
		{F4B78136-0A68-44E6-A4DE-D1726A1F0F2C}.Release|Any CPU.Build.0 = Release|Any CPU
		{F4B78136-0A68-44E6-A4DE-D1726A1F0F2C}.Release|iPhone.ActiveCfg = Release|Any CPU
		{F4B78136-0A68-44E6-A4DE-D1726A1F0F2C}.Release|iPhone.Build.0 = Release|Any CPU
		{F4B78136-0A68-44E6-A4DE-D1726A1F0F2C}.Release|iPhoneSimulator.ActiveCfg = Release|Any CPU
		{F4B78136-0A68-44E6-A4DE-D1726A1F0F2C}.Release|iPhoneSimulator.Build.0 = Release|Any CPU
	EndGlobalSection
	GlobalSection(SolutionProperties) = preSolution
		HideSolutionNode = FALSE
	EndGlobalSection
	GlobalSection(NestedProjects) = preSolution
		{8258A2E1-6821-4BAE-9111-3FBB65703FE0} = {D7061262-BFE2-4747-AFA8-94022986F024}
		{F7122A3E-CCFB-496D-89D1-09D54AF11135} = {7913F715-C2C7-496A-86CE-6A11B2AC3E7D}
		{CD9A6BD8-88B6-45F4-B41D-7DC11E173B78} = {7913F715-C2C7-496A-86CE-6A11B2AC3E7D}
		{06DDCDDF-F83F-4153-8F74-947EECF2C40B} = {7913F715-C2C7-496A-86CE-6A11B2AC3E7D}
		{C46F6AF6-EBE1-4BAC-BC17-0989FA6C9B8E} = {D7061262-BFE2-4747-AFA8-94022986F024}
		{75829613-19BE-4D73-967E-19D3B5F7CB84} = {45694A9F-40E6-4D5C-BA44-D0081A8884E7}
		{32CF12A8-B988-43D9-9934-265A13A7DF82} = {45694A9F-40E6-4D5C-BA44-D0081A8884E7}
		{F9E70403-E5AA-42AD-BBEC-B338038B9306} = {241E66C7-AD38-4990-860E-CF6F7D613A64}
		{2FD842D7-9D05-4EDB-A5BB-1D60E48E5BC5} = {D7061262-BFE2-4747-AFA8-94022986F024}
		{BAB0E195-5717-4CC8-B599-B265708D353A} = {4EAE12C9-616A-41FE-93CC-6412617289F7}
		{E42857D7-A0A4-4974-890C-BE5E6C36E600} = {4EAE12C9-616A-41FE-93CC-6412617289F7}
		{852E458A-6CBD-42D1-BA22-8F6EDA353AA7} = {EE6F6FBA-A4CE-4D74-9734-CC6D1FFEB58D}
		{2F427066-57F9-495F-B91A-F4D0D097C949} = {EE6F6FBA-A4CE-4D74-9734-CC6D1FFEB58D}
		{A89390ED-8634-4526-89F5-D438B0A2246F} = {241E66C7-AD38-4990-860E-CF6F7D613A64}
		{F4B78136-0A68-44E6-A4DE-D1726A1F0F2C} = {EE6F6FBA-A4CE-4D74-9734-CC6D1FFEB58D}
	EndGlobalSection
EndGlobal
